# THIS IS AN AUTOGENERATED FILE. DO NOT EDIT THIS FILE DIRECTLY.
# yarn lockfile v1


"@angular/common@^2.4.4":
  version "2.4.10"
  resolved "https://registry.yarnpkg.com/@angular/common/-/common-2.4.10.tgz#a3a682d2228fa30ec23dd0eb57c8e887fba26997"
  integrity sha1-o6aC0iKPow7CPdDrV8joh/uiaZc=

"@angular/compiler-cli@^2.4.4":
  version "2.4.10"
  resolved "https://registry.yarnpkg.com/@angular/compiler-cli/-/compiler-cli-2.4.10.tgz#c21143bfaab45231c8d2eaa82456bed3d39f91a3"
  integrity sha1-whFDv6q0UjHI0uqoJFa+09OfkaM=
  dependencies:
    "@angular/tsc-wrapped" "0.5.2"
    minimist "^1.2.0"
    reflect-metadata "^0.1.2"

"@angular/compiler@^2.4.4":
  version "2.4.10"
  resolved "https://registry.yarnpkg.com/@angular/compiler/-/compiler-2.4.10.tgz#f51fd34820b2a02c7cb61fbcf49873c58056fb0c"
  integrity sha1-9R/TSCCyoCx8th+89JhzxYBW+ww=

"@angular/core@^2.4.4":
  version "2.4.10"
  resolved "https://registry.yarnpkg.com/@angular/core/-/core-2.4.10.tgz#0b8320a65065965d998645b1f5cd3cf769b441ea"
  integrity sha1-C4MgplBlll2ZhkWx9c0892m0Qeo=

"@angular/tsc-wrapped@0.5.2":
  version "0.5.2"
  resolved "https://registry.yarnpkg.com/@angular/tsc-wrapped/-/tsc-wrapped-0.5.2.tgz#2eddf472c467fcb334ea94deddaaa71990c5a482"
  integrity sha1-Lt30csRn/LM06pTe3aqnGZDFpII=
  dependencies:
    tsickle "^0.2"

"@types/core-js@^0.9.41":
  version "0.9.46"
  resolved "https://registry.yarnpkg.com/@types/core-js/-/core-js-0.9.46.tgz#ea701ee34cbb6dfe6d100f1530319547c93c8d79"
  integrity sha512-LooLR6XHes9V+kNYRz1Qm8w3atw9QMn7XeZUmIpUelllF9BdryeUKd/u0Wh5ErcjpWfG39NrToU9MF7ngsTFVw==

"@types/jquery@^2.0.40":
  version "2.0.54"
  resolved "https://registry.yarnpkg.com/@types/jquery/-/jquery-2.0.54.tgz#d7999245f77c3fab5d84e7d32b8a6c20bfd1f072"
  integrity sha512-D/PomKwNkDfSKD13DEVQT/pq2TUjN54c6uB341fEZanIzkjfGe7UaFuuaLZbpEiS5j7Wk2MUHAZqZIoECw29lg==

ion-rangeslider@^2.3.0:
  version "2.3.1"
  resolved "https://registry.yarnpkg.com/ion-rangeslider/-/ion-rangeslider-2.3.1.tgz#92ade52cb56fc30b9162d0483ff02b6f9ed237c2"
  integrity sha512-6V+24FD13/feliI485gnRHZYD9Ev64M5NAFTxnVib516ATHa9PlXQrC+nOiPngouRYTCLPJyokAJEi3e1Umi5g==

minimist@0.0.8:
  version "0.0.8"
  resolved "https://registry.yarnpkg.com/minimist/-/minimist-0.0.8.tgz#857fcabfc3397d2625b8228262e86aa7a011b05d"
  integrity sha1-hX/Kv8M5fSYluCKCYuhqp6ARsF0=

minimist@^1.2.0:
  version "1.2.0"
  resolved "https://registry.yarnpkg.com/minimist/-/minimist-1.2.0.tgz#a35008b20f41383eec1fb914f4cd5df79a264284"
  integrity sha1-o1AIsg9BOD7sH7kU9M1d95omQoQ=

mkdirp@^0.5.1:
  version "0.5.1"
  resolved "https://registry.yarnpkg.com/mkdirp/-/mkdirp-0.5.1.tgz#30057438eac6cf7f8c4767f38648d6697d75c903"
  integrity sha1-MAV0OOrGz3+MR2fzhkjWaX11yQM=
  dependencies:
    minimist "0.0.8"

reflect-metadata@^0.1.2:
  version "0.1.13"
  resolved "https://registry.yarnpkg.com/reflect-metadata/-/reflect-metadata-0.1.13.tgz#67ae3ca57c972a2aa1642b10fe363fe32d49dc08"
  integrity sha512-Ts1Y/anZELhSsjMcU605fU9RE4Oi3p5ORujwbIKXfWa+0Zxs510Qrmrce5/Jowq3cHSZSJqBjypxmHarc+vEWg==

source-map-support@^0.4.2:
  version "0.4.18"
  resolved "https://registry.yarnpkg.com/source-map-support/-/source-map-support-0.4.18.tgz#0286a6de8be42641338594e97ccea75f0a2c585f"
  integrity sha512-try0/JqxPLF9nOjvSta7tVondkP5dwgyLDjVoyMDlmjugT2lRZ1OfsrYTkCd2hkDnJTKRbO/Rl3orm8vlsUzbA==
  dependencies:
    source-map "^0.5.6"

source-map@^0.5.6:
  version "0.5.7"
  resolved "https://registry.yarnpkg.com/source-map/-/source-map-0.5.7.tgz#8a039d2d1021d22d1ea14c80d8ea468ba2ef3fcc"
  integrity sha1-igOdLRAh0i0eoUyA2OpGi6LvP8w=

tsickle@^0.2:
  version "0.2.6"
  resolved "https://registry.yarnpkg.com/tsickle/-/tsickle-0.2.6.tgz#ad4abf92e74ebdf3fb5aa187ca85b02066fe1a1b"
  integrity sha1-rUq/kudOvfP7WqGHyoWwIGb+Ghs=
  dependencies:
    minimist "^1.2.0"
    mkdirp "^0.5.1"
    source-map "^0.5.6"
    source-map-support "^0.4.2"

typescript@2.0.9:
  version "2.0.9"
  resolved "https://registry.yarnpkg.com/typescript/-/typescript-2.0.9.tgz#b4f5fecc3f44d5c717f3b3e7c331e5bbb147a53d"
  integrity sha1-tPX+zD9E1ccX87PnwzHlu7FHpT0=
